
Microsoft Visual Studio Solution File, Format Version 12.00
# Visual Studio Version 16
VisualStudioVersion = 16.0.31424.327
MinimumVisualStudioVersion = 10.0.40219.1
Project("{FAE04EC0-301F-11D3-BF4B-00C04F79EFBC}") = "oop1_AnimalSample_CreatingClass", "oop1_AnimalSample_CreatingClass\oop1_AnimalSample_CreatingClass.csproj", "{A9FD11B8-673A-47C7-A83A-04BA96F1632C}"
EndProject
Global
	GlobalSection(SolutionConfigurationPlatforms) = preSolution
		Debug|Any CPU = Debug|Any CPU
		Release|Any CPU = Release|Any CPU
	EndGlobalSection
	GlobalSection(ProjectConfigurationPlatforms) = postSolution
		{A9FD11B8-673A-47C7-A83A-04BA96F1632C}.Debug|Any CPU.ActiveCfg = Debug|Any CPU
		{A9FD11B8-673A-47C7-A83A-04BA96F1632C}.Debug|Any CPU.Build.0 = Debug|Any CPU
		{A9FD11B8-673A-47C7-A83A-04BA96F1632C}.Release|Any CPU.ActiveCfg = Release|Any CPU
		{A9FD11B8-673A-47C7-A83A-04BA96F1632C}.Release|Any CPU.Build.0 = Release|Any CPU
	EndGlobalSection
	GlobalSection(SolutionProperties) = preSolution
		HideSolutionNode = FALSE
	EndGlobalSection
	GlobalSection(ExtensibilityGlobals) = postSolution
		SolutionGuid = {3A28D84C-5943-47AF-8021-B425693622FC}
	EndGlobalSection
EndGlobal
